
Microsoft Visual Studio Solution File, Format Version 12.00
# Visual Studio Version 17
VisualStudioVersion = 17.11.35222.181
MinimumVisualStudioVersion = 10.0.40219.1
Project("{9A19103F-16F7-4668-BE54-9A1E7A4F7556}") = "lab2_2", "lab2_2\lab2_2.csproj", "{D57D0100-F986-425A-A052-4452ECA51597}"
EndProject
Project("{9A19103F-16F7-4668-BE54-9A1E7A4F7556}") = "lab2_1", "lab2_1\lab2_1.csproj", "{DB3C0746-B4B0-4D0E-B64D-64A9EE95F6D4}"
EndProject
Project("{FAE04EC0-301F-11D3-BF4B-00C04F79EFBC}") = "lab2_3", "lab2_3\lab2_3.csproj", "{C78AEE4B-8525-4F6F-BC33-052467B8955C}"
EndProject
Global
	GlobalSection(SolutionConfigurationPlatforms) = preSolution
		Debug|Any CPU = Debug|Any CPU
		Release|Any CPU = Release|Any CPU
	EndGlobalSection
	GlobalSection(ProjectConfigurationPlatforms) = postSolution
		{D57D0100-F986-425A-A052-4452ECA51597}.Debug|Any CPU.ActiveCfg = Debug|Any CPU
		{D57D0100-F986-425A-A052-4452ECA51597}.Debug|Any CPU.Build.0 = Debug|Any CPU
		{D57D0100-F986-425A-A052-4452ECA51597}.Release|Any CPU.ActiveCfg = Release|Any CPU
		{D57D0100-F986-425A-A052-4452ECA51597}.Release|Any CPU.Build.0 = Release|Any CPU
		{DB3C0746-B4B0-4D0E-B64D-64A9EE95F6D4}.Debug|Any CPU.ActiveCfg = Debug|Any CPU
		{DB3C0746-B4B0-4D0E-B64D-64A9EE95F6D4}.Debug|Any CPU.Build.0 = Debug|Any CPU
		{DB3C0746-B4B0-4D0E-B64D-64A9EE95F6D4}.Release|Any CPU.ActiveCfg = Release|Any CPU
		{DB3C0746-B4B0-4D0E-B64D-64A9EE95F6D4}.Release|Any CPU.Build.0 = Release|Any CPU
		{C78AEE4B-8525-4F6F-BC33-052467B8955C}.Debug|Any CPU.ActiveCfg = Debug|Any CPU
		{C78AEE4B-8525-4F6F-BC33-052467B8955C}.Debug|Any CPU.Build.0 = Debug|Any CPU
		{C78AEE4B-8525-4F6F-BC33-052467B8955C}.Release|Any CPU.ActiveCfg = Release|Any CPU
		{C78AEE4B-8525-4F6F-BC33-052467B8955C}.Release|Any CPU.Build.0 = Release|Any CPU
	EndGlobalSection
	GlobalSection(SolutionProperties) = preSolution
		HideSolutionNode = FALSE
	EndGlobalSection
	GlobalSection(ExtensibilityGlobals) = postSolution
		SolutionGuid = {C7E5949F-AB57-4C5D-94DB-CCDA0B897D8D}
	EndGlobalSection
EndGlobal
